
Microsoft Visual Studio Solution File, Format Version 12.00
Project("{F2A71F9B-5D33-465A-A702-920D77279786}") = "InventorySearch", "InventorySearch.fsproj", "{D8F844B7-8990-4D42-A9EE-4805F4739612}"
EndProject
Global
	GlobalSection(SolutionConfigurationPlatforms) = preSolution
		Debug|Any CPU = Debug|Any CPU
		Release|Any CPU = Release|Any CPU
	EndGlobalSection
	GlobalSection(ProjectConfigurationPlatforms) = postSolution
		{D8F844B7-8990-4D42-A9EE-4805F4739612}.Debug|Any CPU.ActiveCfg = Debug|Any CPU
		{D8F844B7-8990-4D42-A9EE-4805F4739612}.Debug|Any CPU.Build.0 = Debug|Any CPU
		{D8F844B7-8990-4D42-A9EE-4805F4739612}.Release|Any CPU.ActiveCfg = Release|Any CPU
		{D8F844B7-8990-4D42-A9EE-4805F4739612}.Release|Any CPU.Build.0 = Release|Any CPU
	EndGlobalSection
EndGlobal
